
Microsoft Visual Studio Solution File, Format Version 12.00
# Visual Studio Version 17
VisualStudioVersion = 17.7.34031.279
MinimumVisualStudioVersion = 10.0.40219.1
Project("{FAE04EC0-301F-11D3-BF4B-00C04F79EFBC}") = "Week9Lists", "Week9Lists\Week9Lists.csproj", "{55F8B698-1B31-4F25-9399-1F1593C6225C}"
EndProject
Global
	GlobalSection(SolutionConfigurationPlatforms) = preSolution
		Debug|Any CPU = Debug|Any CPU
		Release|Any CPU = Release|Any CPU
	EndGlobalSection
	GlobalSection(ProjectConfigurationPlatforms) = postSolution
		{55F8B698-1B31-4F25-9399-1F1593C6225C}.Debug|Any CPU.ActiveCfg = Debug|Any CPU
		{55F8B698-1B31-4F25-9399-1F1593C6225C}.Debug|Any CPU.Build.0 = Debug|Any CPU
		{55F8B698-1B31-4F25-9399-1F1593C6225C}.Release|Any CPU.ActiveCfg = Release|Any CPU
		{55F8B698-1B31-4F25-9399-1F1593C6225C}.Release|Any CPU.Build.0 = Release|Any CPU
	EndGlobalSection
	GlobalSection(SolutionProperties) = preSolution
		HideSolutionNode = FALSE
	EndGlobalSection
	GlobalSection(ExtensibilityGlobals) = postSolution
		SolutionGuid = {555E8170-ADC9-45B6-8FA4-753D4664AF71}
	EndGlobalSection
EndGlobal
